PODS:
  - Alamofire (4.5.1)
  - Bolts (1.8.4):
    - Bolts/AppLinks (= 1.8.4)
    - Bolts/Tasks (= 1.8.4)
  - Bolts/AppLinks (1.8.4):
    - Bolts/Tasks
  - Bolts/Tasks (1.8.4)
  - DateTimePicker (1.1.2)
  - Eureka (4.0.1)
  - FacebookCore (0.2.0):
    - Bolts (~> 1.8)
    - FBSDKCoreKit (~> 4.15)
  - FBSDKCoreKit (4.26.0):
    - Bolts (~> 1.7)
  - FBSDKLoginKit (4.26.0):
    - FBSDKCoreKit
  - Firebase/Core (4.1.1):
    - FirebaseAnalytics (= 4.0.3)
    - FirebaseCore (= 4.0.6)
  - Firebase/Messaging (4.1.1):
    - Firebase/Core
    - FirebaseMessaging (= 2.0.2)
  - FirebaseAnalytics (4.0.3):
    - FirebaseCore (~> 4.0)
    - FirebaseInstanceID (~> 2.0)
    - GoogleToolboxForMac/NSData+zlib (~> 2.1)
    - nanopb (~> 0.3)
  - FirebaseCore (4.0.6):
    - GoogleToolboxForMac/NSData+zlib (~> 2.1)
    - nanopb (~> 0.3)
  - FirebaseInstanceID (2.0.2):
    - FirebaseCore (~> 4.0)
  - FirebaseMessaging (2.0.2):
    - FirebaseAnalytics (~> 4.0)
    - FirebaseCore (~> 4.0)
    - FirebaseInstanceID (~> 2.0)
    - GoogleToolboxForMac/Logger (~> 2.1)
    - Protobuf (~> 3.1)
  - GoogleToolboxForMac/Defines (2.1.1)
  - GoogleToolboxForMac/Logger (2.1.1):
    - GoogleToolboxForMac/Defines (= 2.1.1)
  - GoogleToolboxForMac/NSData+zlib (2.1.1):
    - GoogleToolboxForMac/Defines (= 2.1.1)
  - IGListKit (3.1.1):
    - IGListKit/Default (= 3.1.1)
  - IGListKit/Default (3.1.1):
    - IGListKit/Diffing
  - IGListKit/Diffing (3.1.1)
  - ILLoginKit (0.1.1):
    - FBSDKLoginKit (= 4.26.0)
    - Validator (~> 2.1.1)
  - nanopb (0.3.8):
    - nanopb/decode (= 0.3.8)
    - nanopb/encode (= 0.3.8)
  - nanopb/decode (0.3.8)
  - nanopb/encode (0.3.8)
  - Onboard (2.3.1)
  - PKHUD (5.0.0)
  - PopupDialog (0.6.1)
  - PromiseKit (4.4.0):
    - PromiseKit/Foundation (= 4.4.0)
    - PromiseKit/QuartzCore (= 4.4.0)
    - PromiseKit/UIKit (= 4.4.0)
  - PromiseKit/CoreLocation (4.4.0):
    - PromiseKit/CorePromise
  - PromiseKit/CorePromise (4.4.0)
  - PromiseKit/Foundation (4.4.0):
    - PromiseKit/CorePromise
  - PromiseKit/MapKit (4.4.0):
    - PromiseKit/CorePromise
  - PromiseKit/QuartzCore (4.4.0):
    - PromiseKit/CorePromise
  - PromiseKit/UIKit (4.4.0):
    - PromiseKit/CorePromise
  - Protobuf (3.4.0)
  - Realm (2.10.0):
    - Realm/Headers (= 2.10.0)
  - Realm/Headers (2.10.0)
  - RealmSwift (2.10.0):
    - Realm (= 2.10.0)
  - Reusable (4.0.0):
    - Reusable/Storyboard (= 4.0.0)
    - Reusable/View (= 4.0.0)
  - Reusable/Storyboard (4.0.0)
  - Reusable/View (4.0.0)
  - SDWebImage (3.8.2):
    - SDWebImage/Core (= 3.8.2)
  - SDWebImage/Core (3.8.2)
  - SearchTextField (1.1.8)
  - Stripe (11.2.0)
  - Validator (2.1.1)

DEPENDENCIES:
  - Alamofire (~> 4.5.1)
  - DateTimePicker
  - Eureka (from `https://github.com/xmartlabs/Eureka.git`)
  - FacebookCore
  - Firebase/Core
  - Firebase/Messaging
  - IGListKit (~> 3.0)
  - ILLoginKit
  - Onboard
  - PKHUD (~> 5.0)
  - PopupDialog (~> 0.6)
  - PromiseKit (~> 4.4)
  - PromiseKit/CoreLocation
  - PromiseKit/MapKit
  - RealmSwift
  - Reusable (~> 4.0)
  - SDWebImage (~> 3.8)
  - SearchTextField
  - Stripe

EXTERNAL SOURCES:
  Eureka:
    :git: https://github.com/xmartlabs/Eureka.git

CHECKOUT OPTIONS:
  Eureka:
    :commit: 076eaaa27d1c90c68f01a6389cfcaa0359ea1a10
    :git: https://github.com/xmartlabs/Eureka.git

SPEC CHECKSUMS:
  Alamofire: 2d95912bf4c34f164fdfc335872e8c312acaea4a
  Bolts: 8a7995239dbe724f9cba2248b766d48b7ebdd322
  DateTimePicker: 518bffa5438ef83a7a687cc4d5e187e5c12012b8
  Eureka: 3311299432b1e11fa4b40796654fc759caabcd93
  FacebookCore: 2cb3f0fbff218e9d3119cec84bae983b232412de
  FBSDKCoreKit: c8b8582311ec11b145451d8b9717dc6cc2ae5a76
  FBSDKLoginKit: f3f03b94c21eb834af243c0a881d48641f47ca60
  Firebase: 052c0de688fc87b414996eea13e223dd9fee3fa2
  FirebaseAnalytics: 76f754d37ca5b04f36856729b6af3ca0152d1069
  FirebaseCore: 28def3c643989c97ea5a69ea5000f5fa9902b9fd
  FirebaseInstanceID: c4c7fca62c7b7330caee5da04f19a37ea37bb1c1
  FirebaseMessaging: 85af6c27188538b3a6f7dfd0b3b0596358cb0c39
  GoogleToolboxForMac: 8e329f1b599f2512c6b10676d45736bcc2cbbeb0
  IGListKit: cb97f405ae43e59fe1da74271e19427ec20d3c07
  ILLoginKit: e57d634ead1dac4c0085c235fdd6121f9c271285
  nanopb: 5601e6bca2dbf1ed831b519092ec110f66982ca3
  Onboard: b6871f25ac753175b2ab9a362fb2feb26a81a311
  PKHUD: 3c001512c6e002091184197a8de7a20420786e3b
  PopupDialog: 1bdd1efbfb49eb619a280faa9a3bbaac76f94120
  PromiseKit: ecf5fe92275d57ee77c9ede858af47a162e9b97e
  Protobuf: 03eef2ee0b674770735cf79d9c4d3659cf6908e8
  Realm: 98b3a25643cf6b3e07d2b99fb43fe0eb9c801dec
  RealmSwift: 34073ad3a31232bbaf7c0db898c037940284cba2
  Reusable: 98e5fff1e0e2e00872199699b276dde08ee56c07
  SDWebImage: 098e97e6176540799c27e804c96653ee0833d13c
  SearchTextField: 1d43b423c2acd3a9e2b37a74180e0cb137fcf1e7
  Stripe: 898f83a95d72180c6eb4acd65b2ae6158fc6a8bd
  Validator: b1793fbfd0046097551d0edd18e2c30792d69ef5

PODFILE CHECKSUM: bb24ff09e0e524bf9d629f1eea506992d582b8c1

COCOAPODS: 1.1.1
