PODS:
  - Alamofire (4.5.1)
  - Bolts (1.8.4):
    - Bolts/AppLinks (= 1.8.4)
    - Bolts/Tasks (= 1.8.4)
  - Bolts/AppLinks (1.8.4):
    - Bolts/Tasks
  - Bolts/Tasks (1.8.4)
  - DateTimePicker (1.1.2)
  - DZNEmptyDataSet (1.8.1)
  - FacebookCore (0.2.0):
    - Bolts (~> 1.8)
    - FBSDKCoreKit (~> 4.15)
  - FBSDKCoreKit (4.26.0):
    - Bolts (~> 1.7)
  - FBSDKLoginKit (4.26.0):
    - FBSDKCoreKit
  - ILLoginKit (0.1.1):
    - FBSDKLoginKit (= 4.26.0)
    - Validator (~> 2.1.1)
  - Onboard (2.3.1)
  - PromiseKit (4.4.0):
    - PromiseKit/Foundation (= 4.4.0)
    - PromiseKit/QuartzCore (= 4.4.0)
    - PromiseKit/UIKit (= 4.4.0)
  - PromiseKit/CoreLocation (4.4.0):
    - PromiseKit/CorePromise
  - PromiseKit/CorePromise (4.4.0)
  - PromiseKit/Foundation (4.4.0):
    - PromiseKit/CorePromise
  - PromiseKit/MapKit (4.4.0):
    - PromiseKit/CorePromise
  - PromiseKit/QuartzCore (4.4.0):
    - PromiseKit/CorePromise
  - PromiseKit/UIKit (4.4.0):
    - PromiseKit/CorePromise
  - Realm (2.10.0):
    - Realm/Headers (= 2.10.0)
  - Realm/Headers (2.10.0)
  - RealmSwift (2.10.0):
    - Realm (= 2.10.0)
  - SearchTextField (1.1.8)
  - Stripe (11.2.0)
  - Validator (2.1.1)

DEPENDENCIES:
  - Alamofire (~> 4.5.1)
  - DateTimePicker
  - DZNEmptyDataSet
  - FacebookCore
  - ILLoginKit
  - Onboard
  - PromiseKit (~> 4.4)
  - PromiseKit/CoreLocation
  - PromiseKit/MapKit
  - RealmSwift
  - SearchTextField
  - Stripe

SPEC CHECKSUMS:
  Alamofire: 2d95912bf4c34f164fdfc335872e8c312acaea4a
  Bolts: 8a7995239dbe724f9cba2248b766d48b7ebdd322
  DateTimePicker: 518bffa5438ef83a7a687cc4d5e187e5c12012b8
  DZNEmptyDataSet: 9525833b9e68ac21c30253e1d3d7076cc828eaa7
  FacebookCore: 2cb3f0fbff218e9d3119cec84bae983b232412de
  FBSDKCoreKit: c8b8582311ec11b145451d8b9717dc6cc2ae5a76
  FBSDKLoginKit: f3f03b94c21eb834af243c0a881d48641f47ca60
  ILLoginKit: e57d634ead1dac4c0085c235fdd6121f9c271285
  Onboard: b6871f25ac753175b2ab9a362fb2feb26a81a311
  PromiseKit: ecf5fe92275d57ee77c9ede858af47a162e9b97e
  Realm: 98b3a25643cf6b3e07d2b99fb43fe0eb9c801dec
  RealmSwift: 34073ad3a31232bbaf7c0db898c037940284cba2
  SearchTextField: 1d43b423c2acd3a9e2b37a74180e0cb137fcf1e7
  Stripe: 898f83a95d72180c6eb4acd65b2ae6158fc6a8bd
  Validator: b1793fbfd0046097551d0edd18e2c30792d69ef5

PODFILE CHECKSUM: 724500b9bd9866f32652b8f8b93c6ce0de19b68f

COCOAPODS: 1.1.1
